
Microsoft Visual Studio Solution File, Format Version 12.00
# Visual Studio Version 16
VisualStudioVersion = 16.0.31702.278
MinimumVisualStudioVersion = 10.0.40219.1
Project("{FAE04EC0-301F-11D3-BF4B-00C04F79EFBC}") = "AppContaBancaria", "AppContaBancaria.csproj", "{0EF6E0C9-A53E-4D15-9D04-8489FF177C73}"
EndProject
Global
	GlobalSection(SolutionConfigurationPlatforms) = preSolution
		Debug|Any CPU = Debug|Any CPU
		Release|Any CPU = Release|Any CPU
	EndGlobalSection
	GlobalSection(ProjectConfigurationPlatforms) = postSolution
		{0EF6E0C9-A53E-4D15-9D04-8489FF177C73}.Debug|Any CPU.ActiveCfg = Debug|Any CPU
		{0EF6E0C9-A53E-4D15-9D04-8489FF177C73}.Debug|Any CPU.Build.0 = Debug|Any CPU
		{0EF6E0C9-A53E-4D15-9D04-8489FF177C73}.Release|Any CPU.ActiveCfg = Release|Any CPU
		{0EF6E0C9-A53E-4D15-9D04-8489FF177C73}.Release|Any CPU.Build.0 = Release|Any CPU
	EndGlobalSection
	GlobalSection(SolutionProperties) = preSolution
		HideSolutionNode = FALSE
	EndGlobalSection
	GlobalSection(ExtensibilityGlobals) = postSolution
		SolutionGuid = {34E0CAA9-597A-47E6-8A9C-B462A40611D4}
	EndGlobalSection
EndGlobal
